
Microsoft Visual Studio Solution File, Format Version 12.00
# Visual Studio 15
VisualStudioVersion = 15.0.27130.2003
MinimumVisualStudioVersion = 10.0.40219.1
Project("{FAE04EC0-301F-11D3-BF4B-00C04F79EFBC}") = "RealTimeApp", "RealTimeApp\RealTimeApp.csproj", "{CE22BE13-842D-40BA-919B-633F7D44BD78}"
EndProject
Project("{E53339B2-1760-4266-BCC7-CA923CBCF16C}") = "docker-compose", "docker-compose.dcproj", "{712E1118-3DF7-48E3-9875-A4B39FB221FA}"
EndProject
Global
	GlobalSection(SolutionConfigurationPlatforms) = preSolution
		Debug|Any CPU = Debug|Any CPU
		Release|Any CPU = Release|Any CPU
	EndGlobalSection
	GlobalSection(ProjectConfigurationPlatforms) = postSolution
		{CE22BE13-842D-40BA-919B-633F7D44BD78}.Debug|Any CPU.ActiveCfg = Debug|Any CPU
		{CE22BE13-842D-40BA-919B-633F7D44BD78}.Debug|Any CPU.Build.0 = Debug|Any CPU
		{CE22BE13-842D-40BA-919B-633F7D44BD78}.Release|Any CPU.ActiveCfg = Release|Any CPU
		{CE22BE13-842D-40BA-919B-633F7D44BD78}.Release|Any CPU.Build.0 = Release|Any CPU
		{712E1118-3DF7-48E3-9875-A4B39FB221FA}.Debug|Any CPU.ActiveCfg = Debug|Any CPU
		{712E1118-3DF7-48E3-9875-A4B39FB221FA}.Debug|Any CPU.Build.0 = Debug|Any CPU
		{712E1118-3DF7-48E3-9875-A4B39FB221FA}.Release|Any CPU.ActiveCfg = Release|Any CPU
		{712E1118-3DF7-48E3-9875-A4B39FB221FA}.Release|Any CPU.Build.0 = Release|Any CPU
	EndGlobalSection
	GlobalSection(SolutionProperties) = preSolution
		HideSolutionNode = FALSE
	EndGlobalSection
	GlobalSection(ExtensibilityGlobals) = postSolution
		SolutionGuid = {104120D8-BFF8-44B1-82C6-BBEB2043E172}
	EndGlobalSection
EndGlobal
